
Microsoft Visual Studio Solution File, Format Version 12.00
# Visual Studio 15
VisualStudioVersion = 15.0.28307.168
MinimumVisualStudioVersion = 10.0.40219.1
Project("{9A19103F-16F7-4668-BE54-9A1E7A4F7556}") = "PosnetParser", "PosnetParser\PosnetParser.csproj", "{06BFEB12-427F-47A1-9991-73BF293D40C0}"
EndProject
Project("{9A19103F-16F7-4668-BE54-9A1E7A4F7556}") = "PosnetParser.UI.Console", "PosnetParser.Front\PosnetParser.UI.Console.csproj", "{EE291768-3048-467C-B295-C4CE669215A5}"
EndProject
Global
	GlobalSection(SolutionConfigurationPlatforms) = preSolution
		Debug|Any CPU = Debug|Any CPU
		Release|Any CPU = Release|Any CPU
	EndGlobalSection
	GlobalSection(ProjectConfigurationPlatforms) = postSolution
		{06BFEB12-427F-47A1-9991-73BF293D40C0}.Debug|Any CPU.ActiveCfg = Debug|Any CPU
		{06BFEB12-427F-47A1-9991-73BF293D40C0}.Debug|Any CPU.Build.0 = Debug|Any CPU
		{06BFEB12-427F-47A1-9991-73BF293D40C0}.Release|Any CPU.ActiveCfg = Release|Any CPU
		{06BFEB12-427F-47A1-9991-73BF293D40C0}.Release|Any CPU.Build.0 = Release|Any CPU
		{EE291768-3048-467C-B295-C4CE669215A5}.Debug|Any CPU.ActiveCfg = Debug|Any CPU
		{EE291768-3048-467C-B295-C4CE669215A5}.Debug|Any CPU.Build.0 = Debug|Any CPU
		{EE291768-3048-467C-B295-C4CE669215A5}.Release|Any CPU.ActiveCfg = Release|Any CPU
		{EE291768-3048-467C-B295-C4CE669215A5}.Release|Any CPU.Build.0 = Release|Any CPU
		{A4478E2D-1468-496E-92CB-9F86B421958D}.Debug|Any CPU.ActiveCfg = Debug|Any CPU
		{A4478E2D-1468-496E-92CB-9F86B421958D}.Debug|Any CPU.Build.0 = Debug|Any CPU
		{A4478E2D-1468-496E-92CB-9F86B421958D}.Release|Any CPU.ActiveCfg = Release|Any CPU
		{A4478E2D-1468-496E-92CB-9F86B421958D}.Release|Any CPU.Build.0 = Release|Any CPU
	EndGlobalSection
	GlobalSection(SolutionProperties) = preSolution
		HideSolutionNode = FALSE
	EndGlobalSection
	GlobalSection(ExtensibilityGlobals) = postSolution
		SolutionGuid = {5B787D03-4E6D-4358-B367-1AF782DCBB21}
	EndGlobalSection
EndGlobal
